// !$*UTF8*$!
{
	archiveVersion = 1;
	classes = {
	};
	objectVersion = 50;
	objects = {

/* Begin PBXBuildFile section */
		4C94D9E126DB569400596349 /* AppDelegate.swift in Sources */ = {isa = PBXBuildFile; fileRef = 4C94D9E026DB569400596349 /* AppDelegate.swift */; };
		4C94D9E326DB569400596349 /* SceneDelegate.swift in Sources */ = {isa = PBXBuildFile; fileRef = 4C94D9E226DB569400596349 /* SceneDelegate.swift */; };
		4C94D9E526DB569400596349 /* ViewController.swift in Sources */ = {isa = PBXBuildFile; fileRef = 4C94D9E426DB569400596349 /* ViewController.swift */; };
		4C94D9E826DB569400596349 /* Main.storyboard in Resources */ = {isa = PBXBuildFile; fileRef = 4C94D9E626DB569400596349 /* Main.storyboard */; };
		4C94D9EA26DB569700596349 /* Assets.xcassets in Resources */ = {isa = PBXBuildFile; fileRef = 4C94D9E926DB569700596349 /* Assets.xcassets */; };
		4C94D9ED26DB569700596349 /* LaunchScreen.storyboard in Resources */ = {isa = PBXBuildFile; fileRef = 4C94D9EB26DB569700596349 /* LaunchScreen.storyboard */; };
		4C94D9F526DB5C9D00596349 /* art.scnassets in Resources */ = {isa = PBXBuildFile; fileRef = 4C94D9F426DB5C9D00596349 /* art.scnassets */; };
/* End PBXBuildFile section */

/* Begin PBXFileReference section */
		4C94D9DD26DB569400596349 /* YZImageDistinguishDemo.app */ = {isa = PBXFileReference; explicitFileType = wrapper.application; includeInIndex = 0; path = YZImageDistinguishDemo.app; sourceTree = BUILT_PRODUCTS_DIR; };
		4C94D9E026DB569400596349 /* AppDelegate.swift */ = {isa = PBXFileReference; lastKnownFileType = sourcecode.swift; path = AppDelegate.swift; sourceTree = "<group>"; };
		4C94D9E226DB569400596349 /* SceneDelegate.swift */ = {isa = PBXFileReference; lastKnownFileType = sourcecode.swift; path = SceneDelegate.swift; sourceTree = "<group>"; };
		4C94D9E426DB569400596349 /* ViewController.swift */ = {isa = PBXFileReference; lastKnownFileType = sourcecode.swift; path = ViewController.swift; sourceTree = "<group>"; };
		4C94D9E726DB569400596349 /* Base */ = {isa = PBXFileReference; lastKnownFileType = file.storyboard; name = Base; path = Base.lproj/Main.storyboard; sourceTree = "<group>"; };
		4C94D9E926DB569700596349 /* Assets.xcassets */ = {isa = PBXFileReference; lastKnownFileType = folder.assetcatalog; path = Assets.xcassets; sourceTree = "<group>"; };
		4C94D9EC26DB569700596349 /* Base */ = {isa = PBXFileReference; lastKnownFileType = file.storyboard; name = Base; path = Base.lproj/LaunchScreen.storyboard; sourceTree = "<group>"; };
		4C94D9EE26DB569700596349 /* Info.plist */ = {isa = PBXFileReference; lastKnownFileType = text.plist.xml; path = Info.plist; sourceTree = "<group>"; };
		4C94D9F426DB5C9D00596349 /* art.scnassets */ = {isa = PBXFileReference; lastKnownFileType = wrapper.scnassets; path = art.scnassets; sourceTree = "<group>"; };
/* End PBXFileReference section */

/* Begin PBXFrameworksBuildPhase section */
		4C94D9DA26DB569400596349 /* Frameworks */ = {
			isa = PBXFrameworksBuildPhase;
			buildActionMask = 2147483647;
			files = (
			);
			runOnlyForDeploymentPostprocessing = 0;
		};
/* End PBXFrameworksBuildPhase section */

/* Begin PBXGroup section */
		4C94D9D426DB569400596349 = {
			isa = PBXGroup;
			children = (
				4C94D9DF26DB569400596349 /* YZImageDistinguishDemo */,
				4C94D9DE26DB569400596349 /* Products */,
			);
			sourceTree = "<group>";
		};
		4C94D9DE26DB569400596349 /* Products */ = {
			isa = PBXGroup;
			children = (
				4C94D9DD26DB569400596349 /* YZImageDistinguishDemo.app */,
			);
			name = Products;
			sourceTree = "<group>";
		};
		4C94D9DF26DB569400596349 /* YZImageDistinguishDemo */ = {
			isa = PBXGroup;
			children = (
				4C94D9E026DB569400596349 /* AppDelegate.swift */,
				4C94D9E226DB569400596349 /* SceneDelegate.swift */,
				4C94D9E426DB569400596349 /* ViewController.swift */,
				4C94D9E626DB569400596349 /* Main.storyboard */,
				4C94D9E926DB569700596349 /* Assets.xcassets */,
				4C94D9F426DB5C9D00596349 /* art.scnassets */,
				4C94D9EB26DB569700596349 /* LaunchScreen.storyboard */,
				4C94D9EE26DB569700596349 /* Info.plist */,
			);
			path = YZImageDistinguishDemo;
			sourceTree = "<group>";
		};
/* End PBXGroup section */

/* Begin PBXNativeTarget section */
		4C94D9DC26DB569400596349 /* YZImageDistinguishDemo */ = {
			isa = PBXNativeTarget;
			buildConfigurationList = 4C94D9F126DB569700596349 /* Build configuration list for PBXNativeTarget "YZImageDistinguishDemo" */;
			buildPhases = (
				4C94D9D926DB569400596349 /* Sources */,
				4C94D9DA26DB569400596349 /* Frameworks */,
				4C94D9DB26DB569400596349 /* Resources */,
			);
			buildRules = (
			);
			dependencies = (
			);
			name = YZImageDistinguishDemo;
			productName = YZImageDistinguishDemo;
			productReference = 4C94D9DD26DB569400596349 /* YZImageDistinguishDemo.app */;
			productType = "com.apple.product-type.application";
		};
/* End PBXNativeTarget section */

/* Begin PBXProject section */
		4C94D9D526DB569400596349 /* Project object */ = {
			isa = PBXProject;
			attributes = {
				LastSwiftUpdateCheck = 1250;
				LastUpgradeCheck = 1250;
				TargetAttributes = {
					4C94D9DC26DB569400596349 = {
						CreatedOnToolsVersion = 12.5.1;
					};
				};
			};
			buildConfigurationList = 4C94D9D826DB569400596349 /* Build configuration list for PBXProject "YZImageDistinguishDemo" */;
			compatibilityVersion = "Xcode 9.3";
			developmentRegion = en;
			hasScannedForEncodings = 0;
			knownRegions = (
				en,
				Base,
			);
			mainGroup = 4C94D9D426DB569400596349;
			productRefGroup = 4C94D9DE26DB569400596349 /* Products */;
			projectDirPath = "";
			projectRoot = "";
			targets = (
				4C94D9DC26DB569400596349 /* YZImageDistinguishDemo */,
			);
		};
/* End PBXProject section */

/* Begin PBXResourcesBuildPhase section */
		4C94D9DB26DB569400596349 /* Resources */ = {
			isa = PBXResourcesBuildPhase;
			buildActionMask = 2147483647;
			files = (
				4C94D9ED26DB569700596349 /* LaunchScreen.storyboard in Resources */,
				4C94D9F526DB5C9D00596349 /* art.scnassets in Resources */,
				4C94D9EA26DB569700596349 /* Assets.xcassets in Resources */,
				4C94D9E826DB569400596349 /* Main.storyboard in Resources */,
			);
			runOnlyForDeploymentPostprocessing = 0;
		};
/* End PBXResourcesBuildPhase section */

/* Begin PBXSourcesBuildPhase section */
		4C94D9D926DB569400596349 /* Sources */ = {
			isa = PBXSourcesBuildPhase;
			buildActionMask = 2147483647;
			files = (
				4C94D9E526DB569400596349 /* ViewController.swift in Sources */,
				4C94D9E126DB569400596349 /* AppDelegate.swift in Sources */,
				4C94D9E326DB569400596349 /* SceneDelegate.swift in Sources */,
			);
			runOnlyForDeploymentPostprocessing = 0;
		};
/* End PBXSourcesBuildPhase section */

/* Begin PBXVariantGroup section */
		4C94D9E626DB569400596349 /* Main.storyboard */ = {
			isa = PBXVariantGroup;
			children = (
				4C94D9E726DB569400596349 /* Base */,
			);
			name = Main.storyboard;
			sourceTree = "<group>";
		};
		4C94D9EB26DB569700596349 /* LaunchScreen.storyboard */ = {
			isa = PBXVariantGroup;
			children = (
				4C94D9EC26DB569700596349 /* Base */,
			);
			name = LaunchScreen.storyboard;
			sourceTree = "<group>";
		};
/* End PBXVariantGroup section */

/* Begin XCBuildConfiguration section */
		4C94D9EF26DB569700596349 /* Debug */ = {
			isa = XCBuildConfiguration;
			buildSettings = {
				ALWAYS_SEARCH_USER_PATHS = NO;
				CLANG_ANALYZER_NONNULL = YES;
				CLANG_ANALYZER_NUMBER_OBJECT_CONVERSION = YES_AGGRESSIVE;
				CLANG_CXX_LANGUAGE_STANDARD = "gnu++14";
				CLANG_CXX_LIBRARY = "libc++";
				CLANG_ENABLE_MODULES = YES;
				CLANG_ENABLE_OBJC_ARC = YES;
				CLANG_ENABLE_OBJC_WEAK = YES;
				CLANG_WARN_BLOCK_CAPTURE_AUTORELEASING = YES;
				CLANG_WARN_BOOL_CONVERSION = YES;
				CLANG_WARN_COMMA = YES;
				CLANG_WARN_CONSTANT_CONVERSION = YES;
				CLANG_WARN_DEPRECATED_OBJC_IMPLEMENTATIONS = YES;
				CLANG_WARN_DIRECT_OBJC_ISA_USAGE = YES_ERROR;
				CLANG_WARN_DOCUMENTATION_COMMENTS = YES;
				CLANG_WARN_EMPTY_BODY = YES;
				CLANG_WARN_ENUM_CONVERSION = YES;
				CLANG_WARN_INFINITE_RECURSION = YES;
				CLANG_WARN_INT_CONVERSION = YES;
				CLANG_WARN_NON_LITERAL_NULL_CONVERSION = YES;
				CLANG_WARN_OBJC_IMPLICIT_RETAIN_SELF = YES;
				CLANG_WARN_OBJC_LITERAL_CONVERSION = YES;
				CLANG_WARN_OBJC_ROOT_CLASS = YES_ERROR;
				CLANG_WARN_QUOTED_INCLUDE_IN_FRAMEWORK_HEADER = YES;
				CLANG_WARN_RANGE_LOOP_ANALYSIS = YES;
				CLANG_WARN_STRICT_PROTOTYPES = YES;
				CLANG_WARN_SUSPICIOUS_MOVE = YES;
				CLANG_WARN_UNGUARDED_AVAILABILITY = YES_AGGRESSIVE;
				CLANG_WARN_UNREACHABLE_CODE = YES;
				CLANG_WARN__DUPLICATE_METHOD_MATCH = YES;
				COPY_PHASE_STRIP = NO;
				DEBUG_INFORMATION_FORMAT = dwarf;
				ENABLE_STRICT_OBJC_MSGSEND = YES;
				ENABLE_TESTABILITY = YES;
				GCC_C_LANGUAGE_STANDARD = gnu11;
				GCC_DYNAMIC_NO_PIC = NO;
				GCC_NO_COMMON_BLOCKS = YES;
				GCC_OPTIMIZATION_LEVEL = 0;
				GCC_PREPROCESSOR_DEFINITIONS = (
					"DEBUG=1",
					"$(inherited)",
				);
				GCC_WARN_64_TO_32_BIT_CONVERSION = YES;
				GCC_WARN_ABOUT_RETURN_TYPE = YES_ERROR;
				GCC_WARN_UNDECLARED_SELECTOR = YES;
				GCC_WARN_UNINITIALIZED_AUTOS = YES_AGGRESSIVE;
				GCC_WARN_UNUSED_FUNCTION = YES;
				GCC_WARN_UNUSED_VARIABLE = YES;
				IPHONEOS_DEPLOYMENT_TARGET = 14.5;
				MTL_ENABLE_DEBUG_INFO = INCLUDE_SOURCE;
				MTL_FAST_MATH = YES;
				ONLY_ACTIVE_ARCH = YES;
				SDKROOT = iphoneos;
				SWIFT_ACTIVE_COMPILATION_CONDITIONS = DEBUG;
				SWIFT_OPTIMIZATION_LEVEL = "-Onone";
			};
			name = Debug;
		};
		4C94D9F026DB569700596349 /* Release */ = {
			isa = XCBuildConfiguration;
			buildSettings = {
				ALWAYS_SEARCH_USER_PATHS = NO;
				CLANG_ANALYZER_NONNULL = YES;
				CLANG_ANALYZER_NUMBER_OBJECT_CONVERSION = YES_AGGRESSIVE;
				CLANG_CXX_LANGUAGE_STANDARD = "gnu++14";
				CLANG_CXX_LIBRARY = "libc++";
				CLANG_ENABLE_MODULES = YES;
				CLANG_ENABLE_OBJC_ARC = YES;
				CLANG_ENABLE_OBJC_WEAK = YES;
				CLANG_WARN_BLOCK_CAPTURE_AUTORELEASING = YES;
				CLANG_WARN_BOOL_CONVERSION = YES;
				CLANG_WARN_COMMA = YES;
				CLANG_WARN_CONSTANT_CONVERSION = YES;
				CLANG_WARN_DEPRECATED_OBJC_IMPLEMENTATIONS = YES;
				CLANG_WARN_DIRECT_OBJC_ISA_USAGE = YES_ERROR;
				CLANG_WARN_DOCUMENTATION_COMMENTS = YES;
				CLANG_WARN_EMPTY_BODY = YES;
				CLANG_WARN_ENUM_CONVERSION = YES;
				CLANG_WARN_INFINITE_RECURSION = YES;
				CLANG_WARN_INT_CONVERSION = YES;
				CLANG_WARN_NON_LITERAL_NULL_CONVERSION = YES;
				CLANG_WARN_OBJC_IMPLICIT_RETAIN_SELF = YES;
				CLANG_WARN_OBJC_LITERAL_CONVERSION = YES;
				CLANG_WARN_OBJC_ROOT_CLASS = YES_ERROR;
				CLANG_WARN_QUOTED_INCLUDE_IN_FRAMEWORK_HEADER = YES;
				CLANG_WARN_RANGE_LOOP_ANALYSIS = YES;
				CLANG_WARN_STRICT_PROTOTYPES = YES;
				CLANG_WARN_SUSPICIOUS_MOVE = YES;
				CLANG_WARN_UNGUARDED_AVAILABILITY = YES_AGGRESSIVE;
				CLANG_WARN_UNREACHABLE_CODE = YES;
				CLANG_WARN__DUPLICATE_METHOD_MATCH = YES;
				COPY_PHASE_STRIP = NO;
				DEBUG_INFORMATION_FORMAT = "dwarf-with-dsym";
				ENABLE_NS_ASSERTIONS = NO;
				ENABLE_STRICT_OBJC_MSGSEND = YES;
				GCC_C_LANGUAGE_STANDARD = gnu11;
				GCC_NO_COMMON_BLOCKS = YES;
				GCC_WARN_64_TO_32_BIT_CONVERSION = YES;
				GCC_WARN_ABOUT_RETURN_TYPE = YES_ERROR;
				GCC_WARN_UNDECLARED_SELECTOR = YES;
				GCC_WARN_UNINITIALIZED_AUTOS = YES_AGGRESSIVE;
				GCC_WARN_UNUSED_FUNCTION = YES;
				GCC_WARN_UNUSED_VARIABLE = YES;
				IPHONEOS_DEPLOYMENT_TARGET = 14.5;
				MTL_ENABLE_DEBUG_INFO = NO;
				MTL_FAST_MATH = YES;
				SDKROOT = iphoneos;
				SWIFT_COMPILATION_MODE = wholemodule;
				SWIFT_OPTIMIZATION_LEVEL = "-O";
				VALIDATE_PRODUCT = YES;
			};
			name = Release;
		};
		4C94D9F226DB569700596349 /* Debug */ = {
			isa = XCBuildConfiguration;
			buildSettings = {
				ASSETCATALOG_COMPILER_APPICON_NAME = AppIcon;
				ASSETCATALOG_COMPILER_GLOBAL_ACCENT_COLOR_NAME = AccentColor;
				CODE_SIGN_STYLE = Automatic;
				DEVELOPMENT_TEAM = 983HKNLZ6N;
				INFOPLIST_FILE = YZImageDistinguishDemo/Info.plist;
				LD_RUNPATH_SEARCH_PATHS = (
					"$(inherited)",
					"@executable_path/Frameworks",
				);
				PRODUCT_BUNDLE_IDENTIFIER = com.lester.demo.YZImageDistinguishDemo;
				PRODUCT_NAME = "$(TARGET_NAME)";
				SWIFT_VERSION = 5.0;
				TARGETED_DEVICE_FAMILY = "1,2";
			};
			name = Debug;
		};
		4C94D9F326DB569700596349 /* Release */ = {
			isa = XCBuildConfiguration;
			buildSettings = {
				ASSETCATALOG_COMPILER_APPICON_NAME = AppIcon;
				ASSETCATALOG_COMPILER_GLOBAL_ACCENT_COLOR_NAME = AccentColor;
				CODE_SIGN_STYLE = Automatic;
				DEVELOPMENT_TEAM = 983HKNLZ6N;
				INFOPLIST_FILE = YZImageDistinguishDemo/Info.plist;
				LD_RUNPATH_SEARCH_PATHS = (
					"$(inherited)",
					"@executable_path/Frameworks",
				);
				PRODUCT_BUNDLE_IDENTIFIER = com.lester.demo.YZImageDistinguishDemo;
				PRODUCT_NAME = "$(TARGET_NAME)";
				SWIFT_VERSION = 5.0;
				TARGETED_DEVICE_FAMILY = "1,2";
			};
			name = Release;
		};
/* End XCBuildConfiguration section */

/* Begin XCConfigurationList section */
		4C94D9D826DB569400596349 /* Build configuration list for PBXProject "YZImageDistinguishDemo" */ = {
			isa = XCConfigurationList;
			buildConfigurations = (
				4C94D9EF26DB569700596349 /* Debug */,
				4C94D9F026DB569700596349 /* Release */,
			);
			defaultConfigurationIsVisible = 0;
			defaultConfigurationName = Release;
		};
		4C94D9F126DB569700596349 /* Build configuration list for PBXNativeTarget "YZImageDistinguishDemo" */ = {
			isa = XCConfigurationList;
			buildConfigurations = (
				4C94D9F226DB569700596349 /* Debug */,
				4C94D9F326DB569700596349 /* Release */,
			);
			defaultConfigurationIsVisible = 0;
			defaultConfigurationName = Release;
		};
/* End XCConfigurationList section */
	};
	rootObject = 4C94D9D526DB569400596349 /* Project object */;
}
